
Microsoft Visual Studio Solution File, Format Version 12.00
# Visual Studio Version 17
VisualStudioVersion = 17.4.33213.308
MinimumVisualStudioVersion = 10.0.40219.1
Project("{FAE04EC0-301F-11D3-BF4B-00C04F79EFBC}") = "Core", "Core\Core.csproj", "{A54F13C8-5EC8-4191-A8F7-5971FA7F500D}"
EndProject
Project("{FAE04EC0-301F-11D3-BF4B-00C04F79EFBC}") = "Caja", "Caja\Caja.csproj", "{8A97A530-9B41-4771-8477-0F3395B2E536}"
EndProject
Project("{FAE04EC0-301F-11D3-BF4B-00C04F79EFBC}") = "Integracion", "Integracion\Integracion.csproj", "{A6CED67A-D2D2-4CC4-BA83-F5162AB5FA26}"
EndProject
Global
	GlobalSection(SolutionConfigurationPlatforms) = preSolution
		Debug|Any CPU = Debug|Any CPU
		Release|Any CPU = Release|Any CPU
	EndGlobalSection
	GlobalSection(ProjectConfigurationPlatforms) = postSolution
		{A54F13C8-5EC8-4191-A8F7-5971FA7F500D}.Debug|Any CPU.ActiveCfg = Debug|Any CPU
		{A54F13C8-5EC8-4191-A8F7-5971FA7F500D}.Debug|Any CPU.Build.0 = Debug|Any CPU
		{A54F13C8-5EC8-4191-A8F7-5971FA7F500D}.Release|Any CPU.ActiveCfg = Release|Any CPU
		{A54F13C8-5EC8-4191-A8F7-5971FA7F500D}.Release|Any CPU.Build.0 = Release|Any CPU
		{8A97A530-9B41-4771-8477-0F3395B2E536}.Debug|Any CPU.ActiveCfg = Debug|Any CPU
		{8A97A530-9B41-4771-8477-0F3395B2E536}.Debug|Any CPU.Build.0 = Debug|Any CPU
		{8A97A530-9B41-4771-8477-0F3395B2E536}.Release|Any CPU.ActiveCfg = Release|Any CPU
		{8A97A530-9B41-4771-8477-0F3395B2E536}.Release|Any CPU.Build.0 = Release|Any CPU
		{A6CED67A-D2D2-4CC4-BA83-F5162AB5FA26}.Debug|Any CPU.ActiveCfg = Debug|Any CPU
		{A6CED67A-D2D2-4CC4-BA83-F5162AB5FA26}.Debug|Any CPU.Build.0 = Debug|Any CPU
		{A6CED67A-D2D2-4CC4-BA83-F5162AB5FA26}.Release|Any CPU.ActiveCfg = Release|Any CPU
		{A6CED67A-D2D2-4CC4-BA83-F5162AB5FA26}.Release|Any CPU.Build.0 = Release|Any CPU
	EndGlobalSection
	GlobalSection(SolutionProperties) = preSolution
		HideSolutionNode = FALSE
	EndGlobalSection
	GlobalSection(ExtensibilityGlobals) = postSolution
		SolutionGuid = {46B71D52-D6B8-4BA0-B4E0-340533CAE22E}
	EndGlobalSection
EndGlobal
